github.com/Code-Hex/uniseg v0.2.0 h1:QB/2UJFvEuRLSZqe+Sb1XQBTWjqGVbZoC6oSWzQRKws=
github.com/Code-Hex/uniseg v0.2.0/go.mod h1:/ndS2tP+X1lk2HUOcXWGtVTxVq0lWilwgMa4CbzdRsg=
github.com/google/uuid v1.6.0 h1:NIvaJDMOsjHA8n1jAhLSgzrAzy1Hgr+hNrb57e+94F0=
github.com/google/uuid v1.6.0/go.mod h1:TIyPZe4MgqvfeYDBFedMoGGpEw/LqOeaOT+nhxU+yHo=
github.com/jinzhu/inflection v1.0.0 h1:K317FqzuhWc8YvSVlFMCCUb36O/S9MCKRDI7QkRKD/E=
github.com/jinzhu/inflection v1.0.0/go.mod h1:h+uFLlag+Qp1Va5pdKtLDYj+kHp5pxUVkryuEj+Srlc=
github.com/jinzhu/now v1.1.5 h1:/o9tlHleP7gOFmsnYNz3RGnqzefHA47wQpKrrdTIwXQ=
github.com/jinzhu/now v1.1.5/go.mod h1:d3SSVoowX0Lcu0IBviAWJpolVfI5UJVZZ7cO71lE/z8=
github.com/joho/godotenv v1.5.1 h1:7eLL/+HRGLY0ldzfGMeQkb7vMd0as4CfYvUVzLqw0N0=
github.com/joho/godotenv v1.5.1/go.mod h1:f4LDr5Voq0i2e/R5DDNOoa2zzDfwtkZa6DnEwAbqwq4=
github.com/samber/lo v1.47.0 h1:z7RynLwP5nbyRscyvcD043DWYoOcYRv3mV8lBeqOCLc=
github.com/samber/lo v1.47.0/go.mod h1:RmDH9Ct32Qy3gduHQuKJ3gW1fMHAnE/fAzQuf6He5cU=
golang.org/x/text v0.20.0 h1:gK/Kv2otX8gz+wn7Rmb3vT96ZwuoxnQlY+HlJVj7Qug=
golang.org/x/text v0.20.0/go.mod h1:D4IsuqiFMhST5bX19pQ9ikHC2GsaKyk/oF+pn3ducp4=
gorm.io/gorm v1.25.12 h1:I0u8i2hWQItBq1WfE0o2+WuL9+8L21K9e2HHSTE/0f8=
gorm.io/gorm v1.25.12/go.mod h1:xh7N7RHfYlNc5EmcI/El95gXusucDrQnHXe0+CgWcLQ=
goyave.dev/copier v0.4.3 h1:MxX2wBnhQUbv0mHPXEgw/zS4TZMtTVpzj/aYS3h4amk=
goyave.dev/copier v0.4.3/go.mod h1:WJu0Ex81v29f5U0eMWzSNsMTGmuGY6lQ/q5yGlyLDsU=
goyave.dev/goyave/v5 v5.5.0 h1:YQuIdcCo7GAz9PeHoHyycI3WICMbwl3fgm941evdrA8=
goyave.dev/goyave/v5 v5.5.0/go.mod h1:e5pldcqHh19/0fOikNwUsarDxMS7Uyg/6U+zUBG/9Ys=
